
Microsoft Visual Studio Solution File, Format Version 12.00
# Visual Studio Version 17
VisualStudioVersion = 17.14.36518.9 d17.14
MinimumVisualStudioVersion = 10.0.40219.1
Project("{FAE04EC0-301F-11D3-BF4B-00C04F79EFBC}") = "EmailAPI", "EmailAPI.csproj", "{48FDEBC0-5A01-4527-9EBE-8123FAEFAD13}"
EndProject
Global
	GlobalSection(SolutionConfigurationPlatforms) = preSolution
		Debug|Any CPU = Debug|Any CPU
		Release|Any CPU = Release|Any CPU
	EndGlobalSection
	GlobalSection(ProjectConfigurationPlatforms) = postSolution
		{48FDEBC0-5A01-4527-9EBE-8123FAEFAD13}.Debug|Any CPU.ActiveCfg = Debug|Any CPU
		{48FDEBC0-5A01-4527-9EBE-8123FAEFAD13}.Debug|Any CPU.Build.0 = Debug|Any CPU
		{48FDEBC0-5A01-4527-9EBE-8123FAEFAD13}.Release|Any CPU.ActiveCfg = Release|Any CPU
		{48FDEBC0-5A01-4527-9EBE-8123FAEFAD13}.Release|Any CPU.Build.0 = Release|Any CPU
	EndGlobalSection
	GlobalSection(SolutionProperties) = preSolution
		HideSolutionNode = FALSE
	EndGlobalSection
	GlobalSection(ExtensibilityGlobals) = postSolution
		SolutionGuid = {EAA7492E-A210-4AA5-9A4B-8D5B0AF42829}
	EndGlobalSection
EndGlobal
